
Microsoft Visual Studio Solution File, Format Version 12.00
# Visual Studio 14
VisualStudioVersion = 14.0.25420.1
MinimumVisualStudioVersion = 10.0.40219.1
Project("{FAE04EC0-301F-11D3-BF4B-00C04F79EFBC}") = "SudokuApp.View", "SudokuApp\SudokuApp.View.csproj", "{5C2BA4E0-0826-4FFE-BB75-2E916BD84005}"
EndProject
Project("{2150E333-8FDC-42A3-9474-1A3956D46DE8}") = "3-SudokuApp.Docs", "3-SudokuApp.Docs", "{CD100A5D-AD97-4C8E-966F-B3D549BC3682}"
	ProjectSection(SolutionItems) = preProject
		README.md = README.md
	EndProjectSection
EndProject
Project("{2150E333-8FDC-42A3-9474-1A3956D46DE8}") = "1-SudokuApp", "1-SudokuApp", "{3B98003D-C3C3-4403-BD2E-ABC119D02071}"
EndProject
Project("{2150E333-8FDC-42A3-9474-1A3956D46DE8}") = "Model", "Model", "{829E5D72-7197-4DC0-8F45-02CC3EA71D22}"
EndProject
Project("{2150E333-8FDC-42A3-9474-1A3956D46DE8}") = "2-SudokuApp.Tests", "2-SudokuApp.Tests", "{A10C21AC-7056-463D-8201-5CD45B90D9FC}"
EndProject
Project("{FAE04EC0-301F-11D3-BF4B-00C04F79EFBC}") = "SudokuApp.Model", "SudokuApp.Model\SudokuApp.Model.csproj", "{A9D2850C-0B1E-4F2C-98A2-42BD61B2BB84}"
EndProject
Project("{2150E333-8FDC-42A3-9474-1A3956D46DE8}") = "ViewModel", "ViewModel", "{F4A9525C-0BB7-48FA-870B-C9EA874D8657}"
EndProject
Project("{FAE04EC0-301F-11D3-BF4B-00C04F79EFBC}") = "Sudoku.ViewModel", "SudokuApp.ViewModel\Sudoku.ViewModel.csproj", "{73904322-DD05-4EAD-994D-763A5A3FF201}"
EndProject
Project("{2150E333-8FDC-42A3-9474-1A3956D46DE8}") = "View", "View", "{1534FA9D-99E5-4477-83E7-7623914F2DC1}"
EndProject
Project("{FAE04EC0-301F-11D3-BF4B-00C04F79EFBC}") = "SudokuApp.UnitTests", "SudokuApp.UnitTests\SudokuApp.UnitTests.csproj", "{5D110C06-A96F-490E-9EC2-65815CEB915B}"
EndProject
Project("{2150E333-8FDC-42A3-9474-1A3956D46DE8}") = "Domain.Repository", "Domain.Repository", "{0B00AF7A-0139-41F5-AC49-A1B9BBEFBF14}"
EndProject
Project("{FAE04EC0-301F-11D3-BF4B-00C04F79EFBC}") = "SudokuApp.Repository", "SudokuApp.Repository\SudokuApp.Repository.csproj", "{1085E8BC-D5A1-4916-876A-8258EDAE0597}"
EndProject
Project("{2150E333-8FDC-42A3-9474-1A3956D46DE8}") = "Domain", "Domain", "{FCC0E25E-107C-461F-9D29-1118B410AA00}"
EndProject
Project("{FAE04EC0-301F-11D3-BF4B-00C04F79EFBC}") = "SudokuApp.Domain", "SudokuApp.Domain\SudokuApp.Domain.csproj", "{0DCE8982-76B9-4839-9B90-2372C7A80CB1}"
EndProject
Project("{FAE04EC0-301F-11D3-BF4B-00C04F79EFBC}") = "SudokuApp.IntegrationTests", "SudokuApp.IntegrationTests\SudokuApp.IntegrationTests.csproj", "{13FB0224-E16B-4F87-BB75-11261958375D}"
EndProject
Global
	GlobalSection(SolutionConfigurationPlatforms) = preSolution
		Debug|Any CPU = Debug|Any CPU
		Release|Any CPU = Release|Any CPU
	EndGlobalSection
	GlobalSection(ProjectConfigurationPlatforms) = postSolution
		{5C2BA4E0-0826-4FFE-BB75-2E916BD84005}.Debug|Any CPU.ActiveCfg = Debug|Any CPU
		{5C2BA4E0-0826-4FFE-BB75-2E916BD84005}.Debug|Any CPU.Build.0 = Debug|Any CPU
		{5C2BA4E0-0826-4FFE-BB75-2E916BD84005}.Release|Any CPU.ActiveCfg = Release|Any CPU
		{5C2BA4E0-0826-4FFE-BB75-2E916BD84005}.Release|Any CPU.Build.0 = Release|Any CPU
		{A9D2850C-0B1E-4F2C-98A2-42BD61B2BB84}.Debug|Any CPU.ActiveCfg = Debug|Any CPU
		{A9D2850C-0B1E-4F2C-98A2-42BD61B2BB84}.Debug|Any CPU.Build.0 = Debug|Any CPU
		{A9D2850C-0B1E-4F2C-98A2-42BD61B2BB84}.Release|Any CPU.ActiveCfg = Release|Any CPU
		{A9D2850C-0B1E-4F2C-98A2-42BD61B2BB84}.Release|Any CPU.Build.0 = Release|Any CPU
		{73904322-DD05-4EAD-994D-763A5A3FF201}.Debug|Any CPU.ActiveCfg = Debug|Any CPU
		{73904322-DD05-4EAD-994D-763A5A3FF201}.Debug|Any CPU.Build.0 = Debug|Any CPU
		{73904322-DD05-4EAD-994D-763A5A3FF201}.Release|Any CPU.ActiveCfg = Release|Any CPU
		{73904322-DD05-4EAD-994D-763A5A3FF201}.Release|Any CPU.Build.0 = Release|Any CPU
		{5D110C06-A96F-490E-9EC2-65815CEB915B}.Debug|Any CPU.ActiveCfg = Debug|Any CPU
		{5D110C06-A96F-490E-9EC2-65815CEB915B}.Debug|Any CPU.Build.0 = Debug|Any CPU
		{5D110C06-A96F-490E-9EC2-65815CEB915B}.Release|Any CPU.ActiveCfg = Release|Any CPU
		{5D110C06-A96F-490E-9EC2-65815CEB915B}.Release|Any CPU.Build.0 = Release|Any CPU
		{1085E8BC-D5A1-4916-876A-8258EDAE0597}.Debug|Any CPU.ActiveCfg = Debug|Any CPU
		{1085E8BC-D5A1-4916-876A-8258EDAE0597}.Debug|Any CPU.Build.0 = Debug|Any CPU
		{1085E8BC-D5A1-4916-876A-8258EDAE0597}.Release|Any CPU.ActiveCfg = Release|Any CPU
		{1085E8BC-D5A1-4916-876A-8258EDAE0597}.Release|Any CPU.Build.0 = Release|Any CPU
		{0DCE8982-76B9-4839-9B90-2372C7A80CB1}.Debug|Any CPU.ActiveCfg = Debug|Any CPU
		{0DCE8982-76B9-4839-9B90-2372C7A80CB1}.Debug|Any CPU.Build.0 = Debug|Any CPU
		{0DCE8982-76B9-4839-9B90-2372C7A80CB1}.Release|Any CPU.ActiveCfg = Release|Any CPU
		{0DCE8982-76B9-4839-9B90-2372C7A80CB1}.Release|Any CPU.Build.0 = Release|Any CPU
		{13FB0224-E16B-4F87-BB75-11261958375D}.Debug|Any CPU.ActiveCfg = Debug|Any CPU
		{13FB0224-E16B-4F87-BB75-11261958375D}.Debug|Any CPU.Build.0 = Debug|Any CPU
		{13FB0224-E16B-4F87-BB75-11261958375D}.Release|Any CPU.ActiveCfg = Release|Any CPU
		{13FB0224-E16B-4F87-BB75-11261958375D}.Release|Any CPU.Build.0 = Release|Any CPU
	EndGlobalSection
	GlobalSection(SolutionProperties) = preSolution
		HideSolutionNode = FALSE
	EndGlobalSection
	GlobalSection(NestedProjects) = preSolution
		{5C2BA4E0-0826-4FFE-BB75-2E916BD84005} = {1534FA9D-99E5-4477-83E7-7623914F2DC1}
		{829E5D72-7197-4DC0-8F45-02CC3EA71D22} = {3B98003D-C3C3-4403-BD2E-ABC119D02071}
		{A9D2850C-0B1E-4F2C-98A2-42BD61B2BB84} = {829E5D72-7197-4DC0-8F45-02CC3EA71D22}
		{F4A9525C-0BB7-48FA-870B-C9EA874D8657} = {3B98003D-C3C3-4403-BD2E-ABC119D02071}
		{73904322-DD05-4EAD-994D-763A5A3FF201} = {F4A9525C-0BB7-48FA-870B-C9EA874D8657}
		{1534FA9D-99E5-4477-83E7-7623914F2DC1} = {3B98003D-C3C3-4403-BD2E-ABC119D02071}
		{5D110C06-A96F-490E-9EC2-65815CEB915B} = {A10C21AC-7056-463D-8201-5CD45B90D9FC}
		{0B00AF7A-0139-41F5-AC49-A1B9BBEFBF14} = {3B98003D-C3C3-4403-BD2E-ABC119D02071}
		{1085E8BC-D5A1-4916-876A-8258EDAE0597} = {0B00AF7A-0139-41F5-AC49-A1B9BBEFBF14}
		{FCC0E25E-107C-461F-9D29-1118B410AA00} = {3B98003D-C3C3-4403-BD2E-ABC119D02071}
		{0DCE8982-76B9-4839-9B90-2372C7A80CB1} = {FCC0E25E-107C-461F-9D29-1118B410AA00}
		{13FB0224-E16B-4F87-BB75-11261958375D} = {A10C21AC-7056-463D-8201-5CD45B90D9FC}
	EndGlobalSection
EndGlobal
